// !$*UTF8*$!
{
	archiveVersion = 1;
	classes = {
	};
	objectVersion = 46;
	objects = {

/* Begin PBXBuildFile section */
		E1FDA0791DE8289000EC01B5 /* main.m in Sources */ = {isa = PBXBuildFile; fileRef = E1FDA0781DE8289000EC01B5 /* main.m */; };
		E1FDA0831DE828A700EC01B5 /* RegexKitLite.m in Sources */ = {isa = PBXBuildFile; fileRef = E1FDA0821DE828A700EC01B5 /* RegexKitLite.m */; settings = {COMPILER_FLAGS = "-fno-objc-arc"; }; };
		E1FDA0861DE828B200EC01B5 /* libicucore.tbd in Frameworks */ = {isa = PBXBuildFile; fileRef = E1FDA0851DE828B200EC01B5 /* libicucore.tbd */; };
/* End PBXBuildFile section */

/* Begin PBXCopyFilesBuildPhase section */
		E1FDA0731DE8289000EC01B5 /* CopyFiles */ = {
			isa = PBXCopyFilesBuildPhase;
			buildActionMask = 2147483647;
			dstPath = /usr/share/man/man1/;
			dstSubfolderSpec = 0;
			files = (
			);
			runOnlyForDeploymentPostprocessing = 1;
		};
/* End PBXCopyFilesBuildPhase section */

/* Begin PBXFileReference section */
		E1FDA0751DE8289000EC01B5 /* DKRegexKitLiteDemo4mac */ = {isa = PBXFileReference; explicitFileType = "compiled.mach-o.executable"; includeInIndex = 0; path = DKRegexKitLiteDemo4mac; sourceTree = BUILT_PRODUCTS_DIR; };
		E1FDA0781DE8289000EC01B5 /* main.m */ = {isa = PBXFileReference; lastKnownFileType = sourcecode.c.objc; path = main.m; sourceTree = "<group>"; };
		E1FDA0811DE828A700EC01B5 /* RegexKitLite.h */ = {isa = PBXFileReference; fileEncoding = 4; lastKnownFileType = sourcecode.c.h; path = RegexKitLite.h; sourceTree = "<group>"; };
		E1FDA0821DE828A700EC01B5 /* RegexKitLite.m */ = {isa = PBXFileReference; fileEncoding = 4; lastKnownFileType = sourcecode.c.objc; path = RegexKitLite.m; sourceTree = "<group>"; };
		E1FDA0851DE828B200EC01B5 /* libicucore.tbd */ = {isa = PBXFileReference; lastKnownFileType = "sourcecode.text-based-dylib-definition"; name = libicucore.tbd; path = usr/lib/libicucore.tbd; sourceTree = SDKROOT; };
/* End PBXFileReference section */

/* Begin PBXFrameworksBuildPhase section */
		E1FDA0721DE8289000EC01B5 /* Frameworks */ = {
			isa = PBXFrameworksBuildPhase;
			buildActionMask = 2147483647;
			files = (
				E1FDA0861DE828B200EC01B5 /* libicucore.tbd in Frameworks */,
			);
			runOnlyForDeploymentPostprocessing = 0;
		};
/* End PBXFrameworksBuildPhase section */

/* Begin PBXGroup section */
		E1FDA06C1DE8289000EC01B5 = {
			isa = PBXGroup;
			children = (
				E1FDA07F1DE8289900EC01B5 /* Lib */,
				E1FDA0771DE8289000EC01B5 /* DKRegexKitLiteDemo4mac */,
				E1FDA0761DE8289000EC01B5 /* Products */,
				E1FDA0841DE828B200EC01B5 /* Frameworks */,
			);
			sourceTree = "<group>";
		};
		E1FDA0761DE8289000EC01B5 /* Products */ = {
			isa = PBXGroup;
			children = (
				E1FDA0751DE8289000EC01B5 /* DKRegexKitLiteDemo4mac */,
			);
			name = Products;
			sourceTree = "<group>";
		};
		E1FDA0771DE8289000EC01B5 /* DKRegexKitLiteDemo4mac */ = {
			isa = PBXGroup;
			children = (
				E1FDA0781DE8289000EC01B5 /* main.m */,
			);
			path = DKRegexKitLiteDemo4mac;
			sourceTree = "<group>";
		};
		E1FDA07F1DE8289900EC01B5 /* Lib */ = {
			isa = PBXGroup;
			children = (
				E1FDA0801DE828A700EC01B5 /* RegexKitLite */,
			);
			name = Lib;
			sourceTree = "<group>";
		};
		E1FDA0801DE828A700EC01B5 /* RegexKitLite */ = {
			isa = PBXGroup;
			children = (
				E1FDA0811DE828A700EC01B5 /* RegexKitLite.h */,
				E1FDA0821DE828A700EC01B5 /* RegexKitLite.m */,
			);
			path = RegexKitLite;
			sourceTree = "<group>";
		};
		E1FDA0841DE828B200EC01B5 /* Frameworks */ = {
			isa = PBXGroup;
			children = (
				E1FDA0851DE828B200EC01B5 /* libicucore.tbd */,
			);
			name = Frameworks;
			sourceTree = "<group>";
		};
/* End PBXGroup section */

/* Begin PBXNativeTarget section */
		E1FDA0741DE8289000EC01B5 /* DKRegexKitLiteDemo4mac */ = {
			isa = PBXNativeTarget;
			buildConfigurationList = E1FDA07C1DE8289000EC01B5 /* Build configuration list for PBXNativeTarget "DKRegexKitLiteDemo4mac" */;
			buildPhases = (
				E1FDA0711DE8289000EC01B5 /* Sources */,
				E1FDA0721DE8289000EC01B5 /* Frameworks */,
				E1FDA0731DE8289000EC01B5 /* CopyFiles */,
			);
			buildRules = (
			);
			dependencies = (
			);
			name = DKRegexKitLiteDemo4mac;
			productName = DKRegexKitLiteDemo4mac;
			productReference = E1FDA0751DE8289000EC01B5 /* DKRegexKitLiteDemo4mac */;
			productType = "com.apple.product-type.tool";
		};
/* End PBXNativeTarget section */

/* Begin PBXProject section */
		E1FDA06D1DE8289000EC01B5 /* Project object */ = {
			isa = PBXProject;
			attributes = {
				LastUpgradeCheck = 0800;
				ORGANIZATIONNAME = DevKevin;
				TargetAttributes = {
					E1FDA0741DE8289000EC01B5 = {
						CreatedOnToolsVersion = 8.0;
						DevelopmentTeam = MBYQ3L6XSK;
						ProvisioningStyle = Automatic;
					};
				};
			};
			buildConfigurationList = E1FDA0701DE8289000EC01B5 /* Build configuration list for PBXProject "DKRegexKitLiteDemo4mac" */;
			compatibilityVersion = "Xcode 3.2";
			developmentRegion = English;
			hasScannedForEncodings = 0;
			knownRegions = (
				en,
			);
			mainGroup = E1FDA06C1DE8289000EC01B5;
			productRefGroup = E1FDA0761DE8289000EC01B5 /* Products */;
			projectDirPath = "";
			projectRoot = "";
			targets = (
				E1FDA0741DE8289000EC01B5 /* DKRegexKitLiteDemo4mac */,
			);
		};
/* End PBXProject section */

/* Begin PBXSourcesBuildPhase section */
		E1FDA0711DE8289000EC01B5 /* Sources */ = {
			isa = PBXSourcesBuildPhase;
			buildActionMask = 2147483647;
			files = (
				E1FDA0831DE828A700EC01B5 /* RegexKitLite.m in Sources */,
				E1FDA0791DE8289000EC01B5 /* main.m in Sources */,
			);
			runOnlyForDeploymentPostprocessing = 0;
		};
/* End PBXSourcesBuildPhase section */

/* Begin XCBuildConfiguration section */
		E1FDA07A1DE8289000EC01B5 /* Debug */ = {
			isa = XCBuildConfiguration;
			buildSettings = {
				ALWAYS_SEARCH_USER_PATHS = NO;
				CLANG_ANALYZER_NONNULL = YES;
				CLANG_CXX_LANGUAGE_STANDARD = "gnu++0x";
				CLANG_CXX_LIBRARY = "libc++";
				CLANG_ENABLE_MODULES = YES;
				CLANG_ENABLE_OBJC_ARC = YES;
				CLANG_WARN_BOOL_CONVERSION = YES;
				CLANG_WARN_CONSTANT_CONVERSION = YES;
				CLANG_WARN_DIRECT_OBJC_ISA_USAGE = YES_ERROR;
				CLANG_WARN_DOCUMENTATION_COMMENTS = YES;
				CLANG_WARN_EMPTY_BODY = YES;
				CLANG_WARN_ENUM_CONVERSION = YES;
				CLANG_WARN_INFINITE_RECURSION = YES;
				CLANG_WARN_INT_CONVERSION = YES;
				CLANG_WARN_OBJC_ROOT_CLASS = YES_ERROR;
				CLANG_WARN_SUSPICIOUS_MOVES = YES;
				CLANG_WARN_UNREACHABLE_CODE = YES;
				CLANG_WARN__DUPLICATE_METHOD_MATCH = YES;
				CODE_SIGN_IDENTITY = "-";
				COPY_PHASE_STRIP = NO;
				DEBUG_INFORMATION_FORMAT = dwarf;
				ENABLE_STRICT_OBJC_MSGSEND = YES;
				ENABLE_TESTABILITY = YES;
				GCC_C_LANGUAGE_STANDARD = gnu99;
				GCC_DYNAMIC_NO_PIC = NO;
				GCC_NO_COMMON_BLOCKS = YES;
				GCC_OPTIMIZATION_LEVEL = 0;
				GCC_PREPROCESSOR_DEFINITIONS = (
					"DEBUG=1",
					"$(inherited)",
				);
				GCC_WARN_64_TO_32_BIT_CONVERSION = YES;
				GCC_WARN_ABOUT_RETURN_TYPE = YES_ERROR;
				GCC_WARN_UNDECLARED_SELECTOR = YES;
				GCC_WARN_UNINITIALIZED_AUTOS = YES_AGGRESSIVE;
				GCC_WARN_UNUSED_FUNCTION = YES;
				GCC_WARN_UNUSED_VARIABLE = YES;
				MACOSX_DEPLOYMENT_TARGET = 10.12;
				MTL_ENABLE_DEBUG_INFO = YES;
				ONLY_ACTIVE_ARCH = YES;
				SDKROOT = macosx;
			};
			name = Debug;
		};
		E1FDA07B1DE8289000EC01B5 /* Release */ = {
			isa = XCBuildConfiguration;
			buildSettings = {
				ALWAYS_SEARCH_USER_PATHS = NO;
				CLANG_ANALYZER_NONNULL = YES;
				CLANG_CXX_LANGUAGE_STANDARD = "gnu++0x";
				CLANG_CXX_LIBRARY = "libc++";
				CLANG_ENABLE_MODULES = YES;
				CLANG_ENABLE_OBJC_ARC = YES;
				CLANG_WARN_BOOL_CONVERSION = YES;
				CLANG_WARN_CONSTANT_CONVERSION = YES;
				CLANG_WARN_DIRECT_OBJC_ISA_USAGE = YES_ERROR;
				CLANG_WARN_DOCUMENTATION_COMMENTS = YES;
				CLANG_WARN_EMPTY_BODY = YES;
				CLANG_WARN_ENUM_CONVERSION = YES;
				CLANG_WARN_INFINITE_RECURSION = YES;
				CLANG_WARN_INT_CONVERSION = YES;
				CLANG_WARN_OBJC_ROOT_CLASS = YES_ERROR;
				CLANG_WARN_SUSPICIOUS_MOVES = YES;
				CLANG_WARN_UNREACHABLE_CODE = YES;
				CLANG_WARN__DUPLICATE_METHOD_MATCH = YES;
				CODE_SIGN_IDENTITY = "-";
				COPY_PHASE_STRIP = NO;
				DEBUG_INFORMATION_FORMAT = "dwarf-with-dsym";
				ENABLE_NS_ASSERTIONS = NO;
				ENABLE_STRICT_OBJC_MSGSEND = YES;
				GCC_C_LANGUAGE_STANDARD = gnu99;
				GCC_NO_COMMON_BLOCKS = YES;
				GCC_WARN_64_TO_32_BIT_CONVERSION = YES;
				GCC_WARN_ABOUT_RETURN_TYPE = YES_ERROR;
				GCC_WARN_UNDECLARED_SELECTOR = YES;
				GCC_WARN_UNINITIALIZED_AUTOS = YES_AGGRESSIVE;
				GCC_WARN_UNUSED_FUNCTION = YES;
				GCC_WARN_UNUSED_VARIABLE = YES;
				MACOSX_DEPLOYMENT_TARGET = 10.12;
				MTL_ENABLE_DEBUG_INFO = NO;
				SDKROOT = macosx;
			};
			name = Release;
		};
		E1FDA07D1DE8289000EC01B5 /* Debug */ = {
			isa = XCBuildConfiguration;
			buildSettings = {
				DEVELOPMENT_TEAM = MBYQ3L6XSK;
				PRODUCT_NAME = "$(TARGET_NAME)";
			};
			name = Debug;
		};
		E1FDA07E1DE8289000EC01B5 /* Release */ = {
			isa = XCBuildConfiguration;
			buildSettings = {
				DEVELOPMENT_TEAM = MBYQ3L6XSK;
				PRODUCT_NAME = "$(TARGET_NAME)";
			};
			name = Release;
		};
/* End XCBuildConfiguration section */

/* Begin XCConfigurationList section */
		E1FDA0701DE8289000EC01B5 /* Build configuration list for PBXProject "DKRegexKitLiteDemo4mac" */ = {
			isa = XCConfigurationList;
			buildConfigurations = (
				E1FDA07A1DE8289000EC01B5 /* Debug */,
				E1FDA07B1DE8289000EC01B5 /* Release */,
			);
			defaultConfigurationIsVisible = 0;
			defaultConfigurationName = Release;
		};
		E1FDA07C1DE8289000EC01B5 /* Build configuration list for PBXNativeTarget "DKRegexKitLiteDemo4mac" */ = {
			isa = XCConfigurationList;
			buildConfigurations = (
				E1FDA07D1DE8289000EC01B5 /* Debug */,
				E1FDA07E1DE8289000EC01B5 /* Release */,
			);
			defaultConfigurationIsVisible = 0;
		};
/* End XCConfigurationList section */
	};
	rootObject = E1FDA06D1DE8289000EC01B5 /* Project object */;
}
